
Microsoft Visual Studio Solution File, Format Version 12.00
Project("{FAE04EC0-301F-11D3-BF4B-00C04F79EFBC}") = "superProject", "superProject\superProject.csproj", "{AFB48AF8-5547-420C-B83E-DF12966D002A}"
EndProject
Global
	GlobalSection(SolutionConfigurationPlatforms) = preSolution
		Debug|Any CPU = Debug|Any CPU
		Release|Any CPU = Release|Any CPU
	EndGlobalSection
	GlobalSection(ProjectConfigurationPlatforms) = postSolution
		{AFB48AF8-5547-420C-B83E-DF12966D002A}.Debug|Any CPU.ActiveCfg = Debug|Any CPU
		{AFB48AF8-5547-420C-B83E-DF12966D002A}.Debug|Any CPU.Build.0 = Debug|Any CPU
		{AFB48AF8-5547-420C-B83E-DF12966D002A}.Release|Any CPU.ActiveCfg = Release|Any CPU
		{AFB48AF8-5547-420C-B83E-DF12966D002A}.Release|Any CPU.Build.0 = Release|Any CPU
	EndGlobalSection
EndGlobal
